
Microsoft Visual Studio Solution File, Format Version 12.00
# Visual Studio Version 17
VisualStudioVersion = 17.8.34525.116
MinimumVisualStudioVersion = 10.0.40219.1
Project("{FAE04EC0-301F-11D3-BF4B-00C04F79EFBC}") = "OnlineGroceryHub", "OnlineGroceryHub\OnlineGroceryHub.csproj", "{C94FE82B-7096-465E-9318-AD209B8BB632}"
EndProject
Project("{FAE04EC0-301F-11D3-BF4B-00C04F79EFBC}") = "OnlineGroceryHub.Core", "OnlineGroceryHub.Core\OnlineGroceryHub.Core.csproj", "{4D94E5F1-1FD1-4101-99A5-44DD2365EAF7}"
EndProject
Project("{FAE04EC0-301F-11D3-BF4B-00C04F79EFBC}") = "OnlineGroceryHub.Infrastructure", "OnlineGroceryHub.Infrastructure\OnlineGroceryHub.Infrastructure.csproj", "{830294CD-694D-4F33-81A7-79A84C5F43A0}"
EndProject
Global
	GlobalSection(SolutionConfigurationPlatforms) = preSolution
		Debug|Any CPU = Debug|Any CPU
		Release|Any CPU = Release|Any CPU
	EndGlobalSection
	GlobalSection(ProjectConfigurationPlatforms) = postSolution
		{C94FE82B-7096-465E-9318-AD209B8BB632}.Debug|Any CPU.ActiveCfg = Debug|Any CPU
		{C94FE82B-7096-465E-9318-AD209B8BB632}.Debug|Any CPU.Build.0 = Debug|Any CPU
		{C94FE82B-7096-465E-9318-AD209B8BB632}.Release|Any CPU.ActiveCfg = Release|Any CPU
		{C94FE82B-7096-465E-9318-AD209B8BB632}.Release|Any CPU.Build.0 = Release|Any CPU
		{4D94E5F1-1FD1-4101-99A5-44DD2365EAF7}.Debug|Any CPU.ActiveCfg = Debug|Any CPU
		{4D94E5F1-1FD1-4101-99A5-44DD2365EAF7}.Debug|Any CPU.Build.0 = Debug|Any CPU
		{4D94E5F1-1FD1-4101-99A5-44DD2365EAF7}.Release|Any CPU.ActiveCfg = Release|Any CPU
		{4D94E5F1-1FD1-4101-99A5-44DD2365EAF7}.Release|Any CPU.Build.0 = Release|Any CPU
		{830294CD-694D-4F33-81A7-79A84C5F43A0}.Debug|Any CPU.ActiveCfg = Debug|Any CPU
		{830294CD-694D-4F33-81A7-79A84C5F43A0}.Debug|Any CPU.Build.0 = Debug|Any CPU
		{830294CD-694D-4F33-81A7-79A84C5F43A0}.Release|Any CPU.ActiveCfg = Release|Any CPU
		{830294CD-694D-4F33-81A7-79A84C5F43A0}.Release|Any CPU.Build.0 = Release|Any CPU
	EndGlobalSection
	GlobalSection(SolutionProperties) = preSolution
		HideSolutionNode = FALSE
	EndGlobalSection
	GlobalSection(ExtensibilityGlobals) = postSolution
		SolutionGuid = {F6E5BDC6-3EDA-4A57-BF35-957C9A7CBE43}
	EndGlobalSection
EndGlobal
